// !$*UTF8*$!
{
	archiveVersion = 1;
	classes = {
	};
	objectVersion = 46;
	objects = {

/* Begin PBXBuildFile section */
		0884D3731B2134EC00E64B67 /* WMBleTemplate.m in Sources */ = {isa = PBXBuildFile; fileRef = 0884D3721B2134EC00E64B67 /* WMBleTemplate.m */; };
		08E3A5F31B1ED4D400ADD19C /* main.m in Sources */ = {isa = PBXBuildFile; fileRef = 08E3A5F21B1ED4D400ADD19C /* main.m */; };
		08E3A5F61B1ED4D400ADD19C /* AppDelegate.m in Sources */ = {isa = PBXBuildFile; fileRef = 08E3A5F51B1ED4D400ADD19C /* AppDelegate.m */; };
		08E3A5F91B1ED4D400ADD19C /* ViewController.m in Sources */ = {isa = PBXBuildFile; fileRef = 08E3A5F81B1ED4D400ADD19C /* ViewController.m */; };
		08E3A5FC1B1ED4D400ADD19C /* Main.storyboard in Resources */ = {isa = PBXBuildFile; fileRef = 08E3A5FA1B1ED4D400ADD19C /* Main.storyboard */; };
		08E3A5FE1B1ED4D400ADD19C /* Images.xcassets in Resources */ = {isa = PBXBuildFile; fileRef = 08E3A5FD1B1ED4D400ADD19C /* Images.xcassets */; };
		08E3A6011B1ED4D400ADD19C /* LaunchScreen.xib in Resources */ = {isa = PBXBuildFile; fileRef = 08E3A5FF1B1ED4D400ADD19C /* LaunchScreen.xib */; };
		08E3A60D1B1ED4D400ADD19C /* WMCBCentralTests.m in Sources */ = {isa = PBXBuildFile; fileRef = 08E3A60C1B1ED4D400ADD19C /* WMCBCentralTests.m */; };
		08E3A61C1B1ED7AB00ADD19C /* WMLEDiscovery.m in Sources */ = {isa = PBXBuildFile; fileRef = 08E3A61B1B1ED7AB00ADD19C /* WMLEDiscovery.m */; };
		08E3A61F1B1EE3FA00ADD19C /* WMLEPeripheralService.m in Sources */ = {isa = PBXBuildFile; fileRef = 08E3A61E1B1EE3FA00ADD19C /* WMLEPeripheralService.m */; };
/* End PBXBuildFile section */

/* Begin PBXContainerItemProxy section */
		08E3A6071B1ED4D400ADD19C /* PBXContainerItemProxy */ = {
			isa = PBXContainerItemProxy;
			containerPortal = 08E3A5E51B1ED4D300ADD19C /* Project object */;
			proxyType = 1;
			remoteGlobalIDString = 08E3A5EC1B1ED4D300ADD19C;
			remoteInfo = WMCBCentral;
		};
/* End PBXContainerItemProxy section */

/* Begin PBXFileReference section */
		0884D3711B2134EC00E64B67 /* WMBleTemplate.h */ = {isa = PBXFileReference; fileEncoding = 4; lastKnownFileType = sourcecode.c.h; path = WMBleTemplate.h; sourceTree = "<group>"; };
		0884D3721B2134EC00E64B67 /* WMBleTemplate.m */ = {isa = PBXFileReference; fileEncoding = 4; lastKnownFileType = sourcecode.c.objc; path = WMBleTemplate.m; sourceTree = "<group>"; };
		08E3A5ED1B1ED4D300ADD19C /* WMCBCentral.app */ = {isa = PBXFileReference; explicitFileType = wrapper.application; includeInIndex = 0; path = WMCBCentral.app; sourceTree = BUILT_PRODUCTS_DIR; };
		08E3A5F11B1ED4D400ADD19C /* Info.plist */ = {isa = PBXFileReference; lastKnownFileType = text.plist.xml; path = Info.plist; sourceTree = "<group>"; };
		08E3A5F21B1ED4D400ADD19C /* main.m */ = {isa = PBXFileReference; lastKnownFileType = sourcecode.c.objc; path = main.m; sourceTree = "<group>"; };
		08E3A5F41B1ED4D400ADD19C /* AppDelegate.h */ = {isa = PBXFileReference; lastKnownFileType = sourcecode.c.h; path = AppDelegate.h; sourceTree = "<group>"; };
		08E3A5F51B1ED4D400ADD19C /* AppDelegate.m */ = {isa = PBXFileReference; lastKnownFileType = sourcecode.c.objc; path = AppDelegate.m; sourceTree = "<group>"; };
		08E3A5F71B1ED4D400ADD19C /* ViewController.h */ = {isa = PBXFileReference; lastKnownFileType = sourcecode.c.h; path = ViewController.h; sourceTree = "<group>"; };
		08E3A5F81B1ED4D400ADD19C /* ViewController.m */ = {isa = PBXFileReference; lastKnownFileType = sourcecode.c.objc; path = ViewController.m; sourceTree = "<group>"; };
		08E3A5FB1B1ED4D400ADD19C /* Base */ = {isa = PBXFileReference; lastKnownFileType = file.storyboard; name = Base; path = Base.lproj/Main.storyboard; sourceTree = "<group>"; };
		08E3A5FD1B1ED4D400ADD19C /* Images.xcassets */ = {isa = PBXFileReference; lastKnownFileType = folder.assetcatalog; path = Images.xcassets; sourceTree = "<group>"; };
		08E3A6001B1ED4D400ADD19C /* Base */ = {isa = PBXFileReference; lastKnownFileType = file.xib; name = Base; path = Base.lproj/LaunchScreen.xib; sourceTree = "<group>"; };
		08E3A6061B1ED4D400ADD19C /* WMCBCentralTests.xctest */ = {isa = PBXFileReference; explicitFileType = wrapper.cfbundle; includeInIndex = 0; path = WMCBCentralTests.xctest; sourceTree = BUILT_PRODUCTS_DIR; };
		08E3A60B1B1ED4D400ADD19C /* Info.plist */ = {isa = PBXFileReference; lastKnownFileType = text.plist.xml; path = Info.plist; sourceTree = "<group>"; };
		08E3A60C1B1ED4D400ADD19C /* WMCBCentralTests.m */ = {isa = PBXFileReference; lastKnownFileType = sourcecode.c.objc; path = WMCBCentralTests.m; sourceTree = "<group>"; };
		08E3A61A1B1ED7AB00ADD19C /* WMLEDiscovery.h */ = {isa = PBXFileReference; fileEncoding = 4; lastKnownFileType = sourcecode.c.h; path = WMLEDiscovery.h; sourceTree = "<group>"; };
		08E3A61B1B1ED7AB00ADD19C /* WMLEDiscovery.m */ = {isa = PBXFileReference; fileEncoding = 4; lastKnownFileType = sourcecode.c.objc; path = WMLEDiscovery.m; sourceTree = "<group>"; };
		08E3A61D1B1EE3FA00ADD19C /* WMLEPeripheralService.h */ = {isa = PBXFileReference; fileEncoding = 4; lastKnownFileType = sourcecode.c.h; path = WMLEPeripheralService.h; sourceTree = "<group>"; };
		08E3A61E1B1EE3FA00ADD19C /* WMLEPeripheralService.m */ = {isa = PBXFileReference; fileEncoding = 4; lastKnownFileType = sourcecode.c.objc; path = WMLEPeripheralService.m; sourceTree = "<group>"; };
		08E3A6201B1EE8BC00ADD19C /* prefix.pch */ = {isa = PBXFileReference; lastKnownFileType = sourcecode.c.h; path = prefix.pch; sourceTree = "<group>"; };
/* End PBXFileReference section */

/* Begin PBXFrameworksBuildPhase section */
		08E3A5EA1B1ED4D300ADD19C /* Frameworks */ = {
			isa = PBXFrameworksBuildPhase;
			buildActionMask = 2147483647;
			files = (
			);
			runOnlyForDeploymentPostprocessing = 0;
		};
		08E3A6031B1ED4D400ADD19C /* Frameworks */ = {
			isa = PBXFrameworksBuildPhase;
			buildActionMask = 2147483647;
			files = (
			);
			runOnlyForDeploymentPostprocessing = 0;
		};
/* End PBXFrameworksBuildPhase section */

/* Begin PBXGroup section */
		0884D3701B2134A700E64B67 /* CB Basic */ = {
			isa = PBXGroup;
			children = (
				0884D3711B2134EC00E64B67 /* WMBleTemplate.h */,
				0884D3721B2134EC00E64B67 /* WMBleTemplate.m */,
			);
			name = "CB Basic";
			sourceTree = "<group>";
		};
		08E3A5E41B1ED4D300ADD19C = {
			isa = PBXGroup;
			children = (
				08E3A5EF1B1ED4D300ADD19C /* WMCBCentral */,
				08E3A6091B1ED4D400ADD19C /* WMCBCentralTests */,
				08E3A5EE1B1ED4D300ADD19C /* Products */,
			);
			sourceTree = "<group>";
		};
		08E3A5EE1B1ED4D300ADD19C /* Products */ = {
			isa = PBXGroup;
			children = (
				08E3A5ED1B1ED4D300ADD19C /* WMCBCentral.app */,
				08E3A6061B1ED4D400ADD19C /* WMCBCentralTests.xctest */,
			);
			name = Products;
			sourceTree = "<group>";
		};
		08E3A5EF1B1ED4D300ADD19C /* WMCBCentral */ = {
			isa = PBXGroup;
			children = (
				0884D3701B2134A700E64B67 /* CB Basic */,
				08E3A6161B1ED4E700ADD19C /* CBCentral */,
				08E3A5F41B1ED4D400ADD19C /* AppDelegate.h */,
				08E3A5F51B1ED4D400ADD19C /* AppDelegate.m */,
				08E3A5F71B1ED4D400ADD19C /* ViewController.h */,
				08E3A5F81B1ED4D400ADD19C /* ViewController.m */,
				08E3A5FA1B1ED4D400ADD19C /* Main.storyboard */,
				08E3A5FD1B1ED4D400ADD19C /* Images.xcassets */,
				08E3A5FF1B1ED4D400ADD19C /* LaunchScreen.xib */,
				08E3A5F01B1ED4D300ADD19C /* Supporting Files */,
			);
			path = WMCBCentral;
			sourceTree = "<group>";
		};
		08E3A5F01B1ED4D300ADD19C /* Supporting Files */ = {
			isa = PBXGroup;
			children = (
				08E3A5F11B1ED4D400ADD19C /* Info.plist */,
				08E3A5F21B1ED4D400ADD19C /* main.m */,
				08E3A6201B1EE8BC00ADD19C /* prefix.pch */,
			);
			name = "Supporting Files";
			sourceTree = "<group>";
		};
		08E3A6091B1ED4D400ADD19C /* WMCBCentralTests */ = {
			isa = PBXGroup;
			children = (
				08E3A60C1B1ED4D400ADD19C /* WMCBCentralTests.m */,
				08E3A60A1B1ED4D400ADD19C /* Supporting Files */,
			);
			path = WMCBCentralTests;
			sourceTree = "<group>";
		};
		08E3A60A1B1ED4D400ADD19C /* Supporting Files */ = {
			isa = PBXGroup;
			children = (
				08E3A60B1B1ED4D400ADD19C /* Info.plist */,
			);
			name = "Supporting Files";
			sourceTree = "<group>";
		};
		08E3A6161B1ED4E700ADD19C /* CBCentral */ = {
			isa = PBXGroup;
			children = (
				08E3A61A1B1ED7AB00ADD19C /* WMLEDiscovery.h */,
				08E3A61B1B1ED7AB00ADD19C /* WMLEDiscovery.m */,
				08E3A61D1B1EE3FA00ADD19C /* WMLEPeripheralService.h */,
				08E3A61E1B1EE3FA00ADD19C /* WMLEPeripheralService.m */,
			);
			name = CBCentral;
			sourceTree = "<group>";
		};
/* End PBXGroup section */

/* Begin PBXNativeTarget section */
		08E3A5EC1B1ED4D300ADD19C /* WMCBCentral */ = {
			isa = PBXNativeTarget;
			buildConfigurationList = 08E3A6101B1ED4D400ADD19C /* Build configuration list for PBXNativeTarget "WMCBCentral" */;
			buildPhases = (
				08E3A5E91B1ED4D300ADD19C /* Sources */,
				08E3A5EA1B1ED4D300ADD19C /* Frameworks */,
				08E3A5EB1B1ED4D300ADD19C /* Resources */,
			);
			buildRules = (
			);
			dependencies = (
			);
			name = WMCBCentral;
			productName = WMCBCentral;
			productReference = 08E3A5ED1B1ED4D300ADD19C /* WMCBCentral.app */;
			productType = "com.apple.product-type.application";
		};
		08E3A6051B1ED4D400ADD19C /* WMCBCentralTests */ = {
			isa = PBXNativeTarget;
			buildConfigurationList = 08E3A6131B1ED4D400ADD19C /* Build configuration list for PBXNativeTarget "WMCBCentralTests" */;
			buildPhases = (
				08E3A6021B1ED4D400ADD19C /* Sources */,
				08E3A6031B1ED4D400ADD19C /* Frameworks */,
				08E3A6041B1ED4D400ADD19C /* Resources */,
			);
			buildRules = (
			);
			dependencies = (
				08E3A6081B1ED4D400ADD19C /* PBXTargetDependency */,
			);
			name = WMCBCentralTests;
			productName = WMCBCentralTests;
			productReference = 08E3A6061B1ED4D400ADD19C /* WMCBCentralTests.xctest */;
			productType = "com.apple.product-type.bundle.unit-test";
		};
/* End PBXNativeTarget section */

/* Begin PBXProject section */
		08E3A5E51B1ED4D300ADD19C /* Project object */ = {
			isa = PBXProject;
			attributes = {
				LastUpgradeCheck = 0630;
				ORGANIZATIONNAME = "wendong wang";
				TargetAttributes = {
					08E3A5EC1B1ED4D300ADD19C = {
						CreatedOnToolsVersion = 6.3.2;
						SystemCapabilities = {
							com.apple.BackgroundModes = {
								enabled = 1;
							};
						};
					};
					08E3A6051B1ED4D400ADD19C = {
						CreatedOnToolsVersion = 6.3.2;
						TestTargetID = 08E3A5EC1B1ED4D300ADD19C;
					};
				};
			};
			buildConfigurationList = 08E3A5E81B1ED4D300ADD19C /* Build configuration list for PBXProject "WMCBCentral" */;
			compatibilityVersion = "Xcode 3.2";
			developmentRegion = English;
			hasScannedForEncodings = 0;
			knownRegions = (
				en,
				Base,
			);
			mainGroup = 08E3A5E41B1ED4D300ADD19C;
			productRefGroup = 08E3A5EE1B1ED4D300ADD19C /* Products */;
			projectDirPath = "";
			projectRoot = "";
			targets = (
				08E3A5EC1B1ED4D300ADD19C /* WMCBCentral */,
				08E3A6051B1ED4D400ADD19C /* WMCBCentralTests */,
			);
		};
/* End PBXProject section */

/* Begin PBXResourcesBuildPhase section */
		08E3A5EB1B1ED4D300ADD19C /* Resources */ = {
			isa = PBXResourcesBuildPhase;
			buildActionMask = 2147483647;
			files = (
				08E3A5FC1B1ED4D400ADD19C /* Main.storyboard in Resources */,
				08E3A6011B1ED4D400ADD19C /* LaunchScreen.xib in Resources */,
				08E3A5FE1B1ED4D400ADD19C /* Images.xcassets in Resources */,
			);
			runOnlyForDeploymentPostprocessing = 0;
		};
		08E3A6041B1ED4D400ADD19C /* Resources */ = {
			isa = PBXResourcesBuildPhase;
			buildActionMask = 2147483647;
			files = (
			);
			runOnlyForDeploymentPostprocessing = 0;
		};
/* End PBXResourcesBuildPhase section */

/* Begin PBXSourcesBuildPhase section */
		08E3A5E91B1ED4D300ADD19C /* Sources */ = {
			isa = PBXSourcesBuildPhase;
			buildActionMask = 2147483647;
			files = (
				08E3A5F91B1ED4D400ADD19C /* ViewController.m in Sources */,
				08E3A61F1B1EE3FA00ADD19C /* WMLEPeripheralService.m in Sources */,
				08E3A5F61B1ED4D400ADD19C /* AppDelegate.m in Sources */,
				0884D3731B2134EC00E64B67 /* WMBleTemplate.m in Sources */,
				08E3A5F31B1ED4D400ADD19C /* main.m in Sources */,
				08E3A61C1B1ED7AB00ADD19C /* WMLEDiscovery.m in Sources */,
			);
			runOnlyForDeploymentPostprocessing = 0;
		};
		08E3A6021B1ED4D400ADD19C /* Sources */ = {
			isa = PBXSourcesBuildPhase;
			buildActionMask = 2147483647;
			files = (
				08E3A60D1B1ED4D400ADD19C /* WMCBCentralTests.m in Sources */,
			);
			runOnlyForDeploymentPostprocessing = 0;
		};
/* End PBXSourcesBuildPhase section */

/* Begin PBXTargetDependency section */
		08E3A6081B1ED4D400ADD19C /* PBXTargetDependency */ = {
			isa = PBXTargetDependency;
			target = 08E3A5EC1B1ED4D300ADD19C /* WMCBCentral */;
			targetProxy = 08E3A6071B1ED4D400ADD19C /* PBXContainerItemProxy */;
		};
/* End PBXTargetDependency section */

/* Begin PBXVariantGroup section */
		08E3A5FA1B1ED4D400ADD19C /* Main.storyboard */ = {
			isa = PBXVariantGroup;
			children = (
				08E3A5FB1B1ED4D400ADD19C /* Base */,
			);
			name = Main.storyboard;
			sourceTree = "<group>";
		};
		08E3A5FF1B1ED4D400ADD19C /* LaunchScreen.xib */ = {
			isa = PBXVariantGroup;
			children = (
				08E3A6001B1ED4D400ADD19C /* Base */,
			);
			name = LaunchScreen.xib;
			sourceTree = "<group>";
		};
/* End PBXVariantGroup section */

/* Begin XCBuildConfiguration section */
		08E3A60E1B1ED4D400ADD19C /* Debug */ = {
			isa = XCBuildConfiguration;
			buildSettings = {
				ALWAYS_SEARCH_USER_PATHS = NO;
				CLANG_CXX_LANGUAGE_STANDARD = "gnu++0x";
				CLANG_CXX_LIBRARY = "libc++";
				CLANG_ENABLE_MODULES = YES;
				CLANG_ENABLE_OBJC_ARC = YES;
				CLANG_WARN_BOOL_CONVERSION = YES;
				CLANG_WARN_CONSTANT_CONVERSION = YES;
				CLANG_WARN_DIRECT_OBJC_ISA_USAGE = YES_ERROR;
				CLANG_WARN_EMPTY_BODY = YES;
				CLANG_WARN_ENUM_CONVERSION = YES;
				CLANG_WARN_INT_CONVERSION = YES;
				CLANG_WARN_OBJC_ROOT_CLASS = YES_ERROR;
				CLANG_WARN_UNREACHABLE_CODE = YES;
				CLANG_WARN__DUPLICATE_METHOD_MATCH = YES;
				"CODE_SIGN_IDENTITY[sdk=iphoneos*]" = "iPhone Developer";
				COPY_PHASE_STRIP = NO;
				DEBUG_INFORMATION_FORMAT = "dwarf-with-dsym";
				ENABLE_STRICT_OBJC_MSGSEND = YES;
				GCC_C_LANGUAGE_STANDARD = gnu99;
				GCC_DYNAMIC_NO_PIC = NO;
				GCC_NO_COMMON_BLOCKS = YES;
				GCC_OPTIMIZATION_LEVEL = 0;
				GCC_PREPROCESSOR_DEFINITIONS = (
					"DEBUG=1",
					"$(inherited)",
				);
				GCC_SYMBOLS_PRIVATE_EXTERN = NO;
				GCC_WARN_64_TO_32_BIT_CONVERSION = YES;
				GCC_WARN_ABOUT_RETURN_TYPE = YES_ERROR;
				GCC_WARN_UNDECLARED_SELECTOR = YES;
				GCC_WARN_UNINITIALIZED_AUTOS = YES_AGGRESSIVE;
				GCC_WARN_UNUSED_FUNCTION = YES;
				GCC_WARN_UNUSED_VARIABLE = YES;
				IPHONEOS_DEPLOYMENT_TARGET = 8.3;
				MTL_ENABLE_DEBUG_INFO = YES;
				ONLY_ACTIVE_ARCH = YES;
				SDKROOT = iphoneos;
			};
			name = Debug;
		};
		08E3A60F1B1ED4D400ADD19C /* Release */ = {
			isa = XCBuildConfiguration;
			buildSettings = {
				ALWAYS_SEARCH_USER_PATHS = NO;
				CLANG_CXX_LANGUAGE_STANDARD = "gnu++0x";
				CLANG_CXX_LIBRARY = "libc++";
				CLANG_ENABLE_MODULES = YES;
				CLANG_ENABLE_OBJC_ARC = YES;
				CLANG_WARN_BOOL_CONVERSION = YES;
				CLANG_WARN_CONSTANT_CONVERSION = YES;
				CLANG_WARN_DIRECT_OBJC_ISA_USAGE = YES_ERROR;
				CLANG_WARN_EMPTY_BODY = YES;
				CLANG_WARN_ENUM_CONVERSION = YES;
				CLANG_WARN_INT_CONVERSION = YES;
				CLANG_WARN_OBJC_ROOT_CLASS = YES_ERROR;
				CLANG_WARN_UNREACHABLE_CODE = YES;
				CLANG_WARN__DUPLICATE_METHOD_MATCH = YES;
				"CODE_SIGN_IDENTITY[sdk=iphoneos*]" = "iPhone Developer";
				COPY_PHASE_STRIP = NO;
				DEBUG_INFORMATION_FORMAT = "dwarf-with-dsym";
				ENABLE_NS_ASSERTIONS = NO;
				ENABLE_STRICT_OBJC_MSGSEND = YES;
				GCC_C_LANGUAGE_STANDARD = gnu99;
				GCC_NO_COMMON_BLOCKS = YES;
				GCC_WARN_64_TO_32_BIT_CONVERSION = YES;
				GCC_WARN_ABOUT_RETURN_TYPE = YES_ERROR;
				GCC_WARN_UNDECLARED_SELECTOR = YES;
				GCC_WARN_UNINITIALIZED_AUTOS = YES_AGGRESSIVE;
				GCC_WARN_UNUSED_FUNCTION = YES;
				GCC_WARN_UNUSED_VARIABLE = YES;
				IPHONEOS_DEPLOYMENT_TARGET = 8.3;
				MTL_ENABLE_DEBUG_INFO = NO;
				SDKROOT = iphoneos;
				VALIDATE_PRODUCT = YES;
			};
			name = Release;
		};
		08E3A6111B1ED4D400ADD19C /* Debug */ = {
			isa = XCBuildConfiguration;
			buildSettings = {
				ASSETCATALOG_COMPILER_APPICON_NAME = AppIcon;
				GCC_PREFIX_HEADER = /Users/maginawin/Documents/WwdDemo/WMCBCentral/WMCBCentral/prefix.pch;
				INFOPLIST_FILE = WMCBCentral/Info.plist;
				IPHONEOS_DEPLOYMENT_TARGET = 7.0;
				LD_RUNPATH_SEARCH_PATHS = "$(inherited) @executable_path/Frameworks";
				PRODUCT_NAME = "$(TARGET_NAME)";
			};
			name = Debug;
		};
		08E3A6121B1ED4D400ADD19C /* Release */ = {
			isa = XCBuildConfiguration;
			buildSettings = {
				ASSETCATALOG_COMPILER_APPICON_NAME = AppIcon;
				GCC_PREFIX_HEADER = /Users/maginawin/Documents/WwdDemo/WMCBCentral/WMCBCentral/prefix.pch;
				INFOPLIST_FILE = WMCBCentral/Info.plist;
				IPHONEOS_DEPLOYMENT_TARGET = 7.0;
				LD_RUNPATH_SEARCH_PATHS = "$(inherited) @executable_path/Frameworks";
				PRODUCT_NAME = "$(TARGET_NAME)";
			};
			name = Release;
		};
		08E3A6141B1ED4D400ADD19C /* Debug */ = {
			isa = XCBuildConfiguration;
			buildSettings = {
				BUNDLE_LOADER = "$(TEST_HOST)";
				FRAMEWORK_SEARCH_PATHS = (
					"$(SDKROOT)/Developer/Library/Frameworks",
					"$(inherited)",
				);
				GCC_PREPROCESSOR_DEFINITIONS = (
					"DEBUG=1",
					"$(inherited)",
				);
				INFOPLIST_FILE = WMCBCentralTests/Info.plist;
				LD_RUNPATH_SEARCH_PATHS = "$(inherited) @executable_path/Frameworks @loader_path/Frameworks";
				PRODUCT_NAME = "$(TARGET_NAME)";
				TEST_HOST = "$(BUILT_PRODUCTS_DIR)/WMCBCentral.app/WMCBCentral";
			};
			name = Debug;
		};
		08E3A6151B1ED4D400ADD19C /* Release */ = {
			isa = XCBuildConfiguration;
			buildSettings = {
				BUNDLE_LOADER = "$(TEST_HOST)";
				FRAMEWORK_SEARCH_PATHS = (
					"$(SDKROOT)/Developer/Library/Frameworks",
					"$(inherited)",
				);
				INFOPLIST_FILE = WMCBCentralTests/Info.plist;
				LD_RUNPATH_SEARCH_PATHS = "$(inherited) @executable_path/Frameworks @loader_path/Frameworks";
				PRODUCT_NAME = "$(TARGET_NAME)";
				TEST_HOST = "$(BUILT_PRODUCTS_DIR)/WMCBCentral.app/WMCBCentral";
			};
			name = Release;
		};
/* End XCBuildConfiguration section */

/* Begin XCConfigurationList section */
		08E3A5E81B1ED4D300ADD19C /* Build configuration list for PBXProject "WMCBCentral" */ = {
			isa = XCConfigurationList;
			buildConfigurations = (
				08E3A60E1B1ED4D400ADD19C /* Debug */,
				08E3A60F1B1ED4D400ADD19C /* Release */,
			);
			defaultConfigurationIsVisible = 0;
			defaultConfigurationName = Release;
		};
		08E3A6101B1ED4D400ADD19C /* Build configuration list for PBXNativeTarget "WMCBCentral" */ = {
			isa = XCConfigurationList;
			buildConfigurations = (
				08E3A6111B1ED4D400ADD19C /* Debug */,
				08E3A6121B1ED4D400ADD19C /* Release */,
			);
			defaultConfigurationIsVisible = 0;
			defaultConfigurationName = Release;
		};
		08E3A6131B1ED4D400ADD19C /* Build configuration list for PBXNativeTarget "WMCBCentralTests" */ = {
			isa = XCConfigurationList;
			buildConfigurations = (
				08E3A6141B1ED4D400ADD19C /* Debug */,
				08E3A6151B1ED4D400ADD19C /* Release */,
			);
			defaultConfigurationIsVisible = 0;
			defaultConfigurationName = Release;
		};
/* End XCConfigurationList section */
	};
	rootObject = 08E3A5E51B1ED4D300ADD19C /* Project object */;
}
